
Microsoft Visual Studio Solution File, Format Version 12.00
# Visual Studio Version 17
VisualStudioVersion = 17.4.33103.184
MinimumVisualStudioVersion = 10.0.40219.1
Project("{9A19103F-16F7-4668-BE54-9A1E7A4F7556}") = "HiddenVilla_Server", "HiddenVilla_Server\HiddenVilla_Server.csproj", "{7517BEA6-14A3-4BDD-B7B4-BF8F4840431E}"
EndProject
Global
	GlobalSection(SolutionConfigurationPlatforms) = preSolution
		Debug|Any CPU = Debug|Any CPU
		Release|Any CPU = Release|Any CPU
	EndGlobalSection
	GlobalSection(ProjectConfigurationPlatforms) = postSolution
		{7517BEA6-14A3-4BDD-B7B4-BF8F4840431E}.Debug|Any CPU.ActiveCfg = Debug|Any CPU
		{7517BEA6-14A3-4BDD-B7B4-BF8F4840431E}.Debug|Any CPU.Build.0 = Debug|Any CPU
		{7517BEA6-14A3-4BDD-B7B4-BF8F4840431E}.Release|Any CPU.ActiveCfg = Release|Any CPU
		{7517BEA6-14A3-4BDD-B7B4-BF8F4840431E}.Release|Any CPU.Build.0 = Release|Any CPU
	EndGlobalSection
	GlobalSection(SolutionProperties) = preSolution
		HideSolutionNode = FALSE
	EndGlobalSection
	GlobalSection(ExtensibilityGlobals) = postSolution
		SolutionGuid = {423C5A73-70A6-43CF-9AE0-5A535EFCFD90}
	EndGlobalSection
EndGlobal
